
Microsoft Visual Studio Solution File, Format Version 12.00
# Visual Studio Version 17
VisualStudioVersion = 17.9.34723.18
MinimumVisualStudioVersion = 10.0.40219.1
Project("{9A19103F-16F7-4668-BE54-9A1E7A4F7556}") = "DATN.Server", "DATN\Server\DATN.Server.csproj", "{20B6B8A3-ED34-4B28-9B94-ED79F8B587F2}"
EndProject
Project("{9A19103F-16F7-4668-BE54-9A1E7A4F7556}") = "DATN.Client", "DATN\Client\DATN.Client.csproj", "{B542FC12-27ED-41A3-813D-0E8041242404}"
EndProject
Project("{9A19103F-16F7-4668-BE54-9A1E7A4F7556}") = "DATN.Shared", "DATN\Shared\DATN.Shared.csproj", "{86191C36-3D31-4DA5-A0BF-77ECDEEE4F44}"
EndProject
Global
	GlobalSection(SolutionConfigurationPlatforms) = preSolution
		Debug|Any CPU = Debug|Any CPU
		Release|Any CPU = Release|Any CPU
	EndGlobalSection
	GlobalSection(ProjectConfigurationPlatforms) = postSolution
		{20B6B8A3-ED34-4B28-9B94-ED79F8B587F2}.Debug|Any CPU.ActiveCfg = Debug|Any CPU
		{20B6B8A3-ED34-4B28-9B94-ED79F8B587F2}.Debug|Any CPU.Build.0 = Debug|Any CPU
		{20B6B8A3-ED34-4B28-9B94-ED79F8B587F2}.Release|Any CPU.ActiveCfg = Release|Any CPU
		{20B6B8A3-ED34-4B28-9B94-ED79F8B587F2}.Release|Any CPU.Build.0 = Release|Any CPU
		{B542FC12-27ED-41A3-813D-0E8041242404}.Debug|Any CPU.ActiveCfg = Debug|Any CPU
		{B542FC12-27ED-41A3-813D-0E8041242404}.Debug|Any CPU.Build.0 = Debug|Any CPU
		{B542FC12-27ED-41A3-813D-0E8041242404}.Release|Any CPU.ActiveCfg = Release|Any CPU
		{B542FC12-27ED-41A3-813D-0E8041242404}.Release|Any CPU.Build.0 = Release|Any CPU
		{86191C36-3D31-4DA5-A0BF-77ECDEEE4F44}.Debug|Any CPU.ActiveCfg = Debug|Any CPU
		{86191C36-3D31-4DA5-A0BF-77ECDEEE4F44}.Debug|Any CPU.Build.0 = Debug|Any CPU
		{86191C36-3D31-4DA5-A0BF-77ECDEEE4F44}.Release|Any CPU.ActiveCfg = Release|Any CPU
		{86191C36-3D31-4DA5-A0BF-77ECDEEE4F44}.Release|Any CPU.Build.0 = Release|Any CPU
	EndGlobalSection
	GlobalSection(SolutionProperties) = preSolution
		HideSolutionNode = FALSE
	EndGlobalSection
	GlobalSection(ExtensibilityGlobals) = postSolution
		SolutionGuid = {6D25397A-2859-4944-8AC7-BAD34372340C}
	EndGlobalSection
EndGlobal
